// !$*UTF8*$!
{
	archiveVersion = 1;
	classes = {
	};
	objectVersion = 46;
	objects = {

/* Begin PBXBuildFile section */
		1D3623260D0F684500981E51 /* MultiSplitViewAppDelegate.m in Sources */ = {isa = PBXBuildFile; fileRef = 1D3623250D0F684500981E51 /* MultiSplitViewAppDelegate.m */; };
		1D60589B0D05DD56006BFB54 /* main.m in Sources */ = {isa = PBXBuildFile; fileRef = 29B97316FDCFA39411CA2CEA /* main.m */; };
		1D60589F0D05DD5A006BFB54 /* Foundation.framework in Frameworks */ = {isa = PBXBuildFile; fileRef = 1D30AB110D05D00D00671497 /* Foundation.framework */; };
		1DF5F4E00D08C38300B7A737 /* UIKit.framework in Frameworks */ = {isa = PBXBuildFile; fileRef = 1DF5F4DF0D08C38300B7A737 /* UIKit.framework */; };
		2892E4100DC94CBA00A64D0F /* CoreGraphics.framework in Frameworks */ = {isa = PBXBuildFile; fileRef = 2892E40F0DC94CBA00A64D0F /* CoreGraphics.framework */; };
		28AD73600D9D9599002E5188 /* MainWindow.xib in Resources */ = {isa = PBXBuildFile; fileRef = 28AD735F0D9D9599002E5188 /* MainWindow.xib */; };
		BF5C51231327FFFD000BB093 /* ViewRegistry.m in Sources */ = {isa = PBXBuildFile; fileRef = BF5C51221327FFFD000BB093 /* ViewRegistry.m */; };
		BF5C5174132807DB000BB093 /* OrgDetailViewController.m in Sources */ = {isa = PBXBuildFile; fileRef = BF5C5172132807DB000BB093 /* OrgDetailViewController.m */; };
		BF5C5175132807DB000BB093 /* OrgDetailViewController.xib in Resources */ = {isa = PBXBuildFile; fileRef = BF5C5173132807DB000BB093 /* OrgDetailViewController.xib */; };
		BF5C51C413281669000BB093 /* OrgRootViewController.m in Sources */ = {isa = PBXBuildFile; fileRef = BF5C51C213281669000BB093 /* OrgRootViewController.m */; };
		BF5C51C513281669000BB093 /* OrgRootViewController.xib in Resources */ = {isa = PBXBuildFile; fileRef = BF5C51C313281669000BB093 /* OrgRootViewController.xib */; };
		BF5C51D513281A11000BB093 /* NSObject+SBJSON.m in Sources */ = {isa = PBXBuildFile; fileRef = BF5C51CC13281A11000BB093 /* NSObject+SBJSON.m */; };
		BF5C51D613281A11000BB093 /* NSString+SBJSON.m in Sources */ = {isa = PBXBuildFile; fileRef = BF5C51CE13281A11000BB093 /* NSString+SBJSON.m */; };
		BF5C51D713281A11000BB093 /* SBJsonBase.m in Sources */ = {isa = PBXBuildFile; fileRef = BF5C51D013281A11000BB093 /* SBJsonBase.m */; };
		BF5C51D813281A11000BB093 /* SBJsonParser.m in Sources */ = {isa = PBXBuildFile; fileRef = BF5C51D213281A11000BB093 /* SBJsonParser.m */; };
		BF5C51D913281A11000BB093 /* SBJsonWriter.m in Sources */ = {isa = PBXBuildFile; fileRef = BF5C51D413281A11000BB093 /* SBJsonWriter.m */; };
		BF5C51F513281D3C000BB093 /* NXDataLoader.m in Sources */ = {isa = PBXBuildFile; fileRef = BF5C51F413281D3C000BB093 /* NXDataLoader.m */; };
		BF5C523E1328232F000BB093 /* organizations.json in Resources */ = {isa = PBXBuildFile; fileRef = BF5C5222132821B3000BB093 /* organizations.json */; };
		BF5C52B41328CF6C000BB093 /* organization-default.json in Resources */ = {isa = PBXBuildFile; fileRef = BF5C52B31328CF6C000BB093 /* organization-default.json */; };
		BF7035AF132A1F6B00DA6F71 /* ProductRootViewController.m in Sources */ = {isa = PBXBuildFile; fileRef = BF7035AD132A1F6B00DA6F71 /* ProductRootViewController.m */; };
		BF7035B0132A1F6B00DA6F71 /* ProductRootViewController.xib in Resources */ = {isa = PBXBuildFile; fileRef = BF7035AE132A1F6B00DA6F71 /* ProductRootViewController.xib */; };
		BF7035B4132A1F8100DA6F71 /* ProductDetailViewController.m in Sources */ = {isa = PBXBuildFile; fileRef = BF7035B2132A1F8100DA6F71 /* ProductDetailViewController.m */; };
		BF7035B5132A1F8100DA6F71 /* ProductDetailViewController.xib in Resources */ = {isa = PBXBuildFile; fileRef = BF7035B3132A1F8100DA6F71 /* ProductDetailViewController.xib */; };
		BF7035E9132A28D200DA6F71 /* product-default.json in Resources */ = {isa = PBXBuildFile; fileRef = BF7035E8132A28D200DA6F71 /* product-default.json */; };
/* End PBXBuildFile section */

/* Begin PBXFileReference section */
		1D30AB110D05D00D00671497 /* Foundation.framework */ = {isa = PBXFileReference; lastKnownFileType = wrapper.framework; name = Foundation.framework; path = System/Library/Frameworks/Foundation.framework; sourceTree = SDKROOT; };
		1D3623240D0F684500981E51 /* MultiSplitViewAppDelegate.h */ = {isa = PBXFileReference; fileEncoding = 4; lastKnownFileType = sourcecode.c.h; path = MultiSplitViewAppDelegate.h; sourceTree = "<group>"; };
		1D3623250D0F684500981E51 /* MultiSplitViewAppDelegate.m */ = {isa = PBXFileReference; fileEncoding = 4; lastKnownFileType = sourcecode.c.objc; path = MultiSplitViewAppDelegate.m; sourceTree = "<group>"; };
		1D6058910D05DD3D006BFB54 /* MultiSplitView.app */ = {isa = PBXFileReference; explicitFileType = wrapper.application; includeInIndex = 0; path = MultiSplitView.app; sourceTree = BUILT_PRODUCTS_DIR; };
		1DF5F4DF0D08C38300B7A737 /* UIKit.framework */ = {isa = PBXFileReference; lastKnownFileType = wrapper.framework; name = UIKit.framework; path = System/Library/Frameworks/UIKit.framework; sourceTree = SDKROOT; };
		2892E40F0DC94CBA00A64D0F /* CoreGraphics.framework */ = {isa = PBXFileReference; lastKnownFileType = wrapper.framework; name = CoreGraphics.framework; path = System/Library/Frameworks/CoreGraphics.framework; sourceTree = SDKROOT; };
		28A0AAE50D9B0CCF005BE974 /* MultiSplitView_Prefix.pch */ = {isa = PBXFileReference; fileEncoding = 4; lastKnownFileType = sourcecode.c.h; path = MultiSplitView_Prefix.pch; sourceTree = "<group>"; };
		28AD735F0D9D9599002E5188 /* MainWindow.xib */ = {isa = PBXFileReference; lastKnownFileType = file.xib; path = MainWindow.xib; sourceTree = "<group>"; };
		29B97316FDCFA39411CA2CEA /* main.m */ = {isa = PBXFileReference; fileEncoding = 4; lastKnownFileType = sourcecode.c.objc; path = main.m; sourceTree = "<group>"; };
		8D1107310486CEB800E47090 /* MultiSplitView-Info.plist */ = {isa = PBXFileReference; fileEncoding = 4; lastKnownFileType = text.plist.xml; path = "MultiSplitView-Info.plist"; plistStructureDefinitionIdentifier = "com.apple.xcode.plist.structure-definition.iphone.info-plist"; sourceTree = "<group>"; };
		BF5C51211327FFFD000BB093 /* ViewRegistry.h */ = {isa = PBXFileReference; fileEncoding = 4; lastKnownFileType = sourcecode.c.h; path = ViewRegistry.h; sourceTree = "<group>"; };
		BF5C51221327FFFD000BB093 /* ViewRegistry.m */ = {isa = PBXFileReference; fileEncoding = 4; lastKnownFileType = sourcecode.c.objc; path = ViewRegistry.m; sourceTree = "<group>"; };
		BF5C5171132807DB000BB093 /* OrgDetailViewController.h */ = {isa = PBXFileReference; fileEncoding = 4; lastKnownFileType = sourcecode.c.h; path = OrgDetailViewController.h; sourceTree = "<group>"; };
		BF5C5172132807DB000BB093 /* OrgDetailViewController.m */ = {isa = PBXFileReference; fileEncoding = 4; lastKnownFileType = sourcecode.c.objc; path = OrgDetailViewController.m; sourceTree = "<group>"; };
		BF5C5173132807DB000BB093 /* OrgDetailViewController.xib */ = {isa = PBXFileReference; lastKnownFileType = file.xib; name = OrgDetailViewController.xib; path = Classes/OrgDetailViewController.xib; sourceTree = "<group>"; };
		BF5C51C113281669000BB093 /* OrgRootViewController.h */ = {isa = PBXFileReference; fileEncoding = 4; lastKnownFileType = sourcecode.c.h; path = OrgRootViewController.h; sourceTree = "<group>"; };
		BF5C51C213281669000BB093 /* OrgRootViewController.m */ = {isa = PBXFileReference; fileEncoding = 4; lastKnownFileType = sourcecode.c.objc; path = OrgRootViewController.m; sourceTree = "<group>"; };
		BF5C51C313281669000BB093 /* OrgRootViewController.xib */ = {isa = PBXFileReference; lastKnownFileType = file.xib; name = OrgRootViewController.xib; path = Classes/OrgRootViewController.xib; sourceTree = "<group>"; };
		BF5C51CA13281A11000BB093 /* JSON.h */ = {isa = PBXFileReference; fileEncoding = 4; lastKnownFileType = sourcecode.c.h; path = JSON.h; sourceTree = "<group>"; };
		BF5C51CB13281A11000BB093 /* NSObject+SBJSON.h */ = {isa = PBXFileReference; fileEncoding = 4; lastKnownFileType = sourcecode.c.h; path = "NSObject+SBJSON.h"; sourceTree = "<group>"; };
		BF5C51CC13281A11000BB093 /* NSObject+SBJSON.m */ = {isa = PBXFileReference; fileEncoding = 4; lastKnownFileType = sourcecode.c.objc; path = "NSObject+SBJSON.m"; sourceTree = "<group>"; };
		BF5C51CD13281A11000BB093 /* NSString+SBJSON.h */ = {isa = PBXFileReference; fileEncoding = 4; lastKnownFileType = sourcecode.c.h; path = "NSString+SBJSON.h"; sourceTree = "<group>"; };
		BF5C51CE13281A11000BB093 /* NSString+SBJSON.m */ = {isa = PBXFileReference; fileEncoding = 4; lastKnownFileType = sourcecode.c.objc; path = "NSString+SBJSON.m"; sourceTree = "<group>"; };
		BF5C51CF13281A11000BB093 /* SBJsonBase.h */ = {isa = PBXFileReference; fileEncoding = 4; lastKnownFileType = sourcecode.c.h; path = SBJsonBase.h; sourceTree = "<group>"; };
		BF5C51D013281A11000BB093 /* SBJsonBase.m */ = {isa = PBXFileReference; fileEncoding = 4; lastKnownFileType = sourcecode.c.objc; path = SBJsonBase.m; sourceTree = "<group>"; };
		BF5C51D113281A11000BB093 /* SBJsonParser.h */ = {isa = PBXFileReference; fileEncoding = 4; lastKnownFileType = sourcecode.c.h; path = SBJsonParser.h; sourceTree = "<group>"; };
		BF5C51D213281A11000BB093 /* SBJsonParser.m */ = {isa = PBXFileReference; fileEncoding = 4; lastKnownFileType = sourcecode.c.objc; path = SBJsonParser.m; sourceTree = "<group>"; };
		BF5C51D313281A11000BB093 /* SBJsonWriter.h */ = {isa = PBXFileReference; fileEncoding = 4; lastKnownFileType = sourcecode.c.h; path = SBJsonWriter.h; sourceTree = "<group>"; };
		BF5C51D413281A11000BB093 /* SBJsonWriter.m */ = {isa = PBXFileReference; fileEncoding = 4; lastKnownFileType = sourcecode.c.objc; path = SBJsonWriter.m; sourceTree = "<group>"; };
		BF5C51F313281D3C000BB093 /* NXDataLoader.h */ = {isa = PBXFileReference; fileEncoding = 4; lastKnownFileType = sourcecode.c.h; path = NXDataLoader.h; sourceTree = "<group>"; };
		BF5C51F413281D3C000BB093 /* NXDataLoader.m */ = {isa = PBXFileReference; fileEncoding = 4; lastKnownFileType = sourcecode.c.objc; path = NXDataLoader.m; sourceTree = "<group>"; };
		BF5C5222132821B3000BB093 /* organizations.json */ = {isa = PBXFileReference; fileEncoding = 4; lastKnownFileType = text; path = organizations.json; sourceTree = "<group>"; };
		BF5C52B31328CF6C000BB093 /* organization-default.json */ = {isa = PBXFileReference; fileEncoding = 4; lastKnownFileType = text; path = "organization-default.json"; sourceTree = "<group>"; };
		BF7035AC132A1F6B00DA6F71 /* ProductRootViewController.h */ = {isa = PBXFileReference; fileEncoding = 4; lastKnownFileType = sourcecode.c.h; path = ProductRootViewController.h; sourceTree = "<group>"; };
		BF7035AD132A1F6B00DA6F71 /* ProductRootViewController.m */ = {isa = PBXFileReference; fileEncoding = 4; lastKnownFileType = sourcecode.c.objc; path = ProductRootViewController.m; sourceTree = "<group>"; };
		BF7035AE132A1F6B00DA6F71 /* ProductRootViewController.xib */ = {isa = PBXFileReference; lastKnownFileType = file.xib; name = ProductRootViewController.xib; path = Classes/ProductRootViewController.xib; sourceTree = "<group>"; };
		BF7035B1132A1F8100DA6F71 /* ProductDetailViewController.h */ = {isa = PBXFileReference; fileEncoding = 4; lastKnownFileType = sourcecode.c.h; path = ProductDetailViewController.h; sourceTree = "<group>"; };
		BF7035B2132A1F8100DA6F71 /* ProductDetailViewController.m */ = {isa = PBXFileReference; fileEncoding = 4; lastKnownFileType = sourcecode.c.objc; path = ProductDetailViewController.m; sourceTree = "<group>"; };
		BF7035B3132A1F8100DA6F71 /* ProductDetailViewController.xib */ = {isa = PBXFileReference; lastKnownFileType = file.xib; name = ProductDetailViewController.xib; path = Classes/ProductDetailViewController.xib; sourceTree = "<group>"; };
		BF7035E8132A28D200DA6F71 /* product-default.json */ = {isa = PBXFileReference; fileEncoding = 4; lastKnownFileType = text; path = "product-default.json"; sourceTree = "<group>"; };
/* End PBXFileReference section */

/* Begin PBXFrameworksBuildPhase section */
		1D60588F0D05DD3D006BFB54 /* Frameworks */ = {
			isa = PBXFrameworksBuildPhase;
			buildActionMask = 2147483647;
			files = (
				1D60589F0D05DD5A006BFB54 /* Foundation.framework in Frameworks */,
				1DF5F4E00D08C38300B7A737 /* UIKit.framework in Frameworks */,
				2892E4100DC94CBA00A64D0F /* CoreGraphics.framework in Frameworks */,
			);
			runOnlyForDeploymentPostprocessing = 0;
		};
/* End PBXFrameworksBuildPhase section */

/* Begin PBXGroup section */
		080E96DDFE201D6D7F000001 /* Classes */ = {
			isa = PBXGroup;
			children = (
				1D3623240D0F684500981E51 /* MultiSplitViewAppDelegate.h */,
				1D3623250D0F684500981E51 /* MultiSplitViewAppDelegate.m */,
				BF5C51211327FFFD000BB093 /* ViewRegistry.h */,
				BF5C51221327FFFD000BB093 /* ViewRegistry.m */,
				BF5C5176132807F5000BB093 /* View Controllers */,
				BF5C51F313281D3C000BB093 /* NXDataLoader.h */,
				BF5C51F413281D3C000BB093 /* NXDataLoader.m */,
			);
			path = Classes;
			sourceTree = "<group>";
		};
		19C28FACFE9D520D11CA2CBB /* Products */ = {
			isa = PBXGroup;
			children = (
				1D6058910D05DD3D006BFB54 /* MultiSplitView.app */,
			);
			name = Products;
			sourceTree = "<group>";
		};
		29B97314FDCFA39411CA2CEA /* CustomTemplate */ = {
			isa = PBXGroup;
			children = (
				080E96DDFE201D6D7F000001 /* Classes */,
				29B97315FDCFA39411CA2CEA /* Other Sources */,
				29B97317FDCFA39411CA2CEA /* Resources */,
				29B97323FDCFA39411CA2CEA /* Frameworks */,
				19C28FACFE9D520D11CA2CBB /* Products */,
			);
			name = CustomTemplate;
			sourceTree = "<group>";
		};
		29B97315FDCFA39411CA2CEA /* Other Sources */ = {
			isa = PBXGroup;
			children = (
				BF5C51DA13281A14000BB093 /* SBJSON */,
				28A0AAE50D9B0CCF005BE974 /* MultiSplitView_Prefix.pch */,
				29B97316FDCFA39411CA2CEA /* main.m */,
			);
			name = "Other Sources";
			sourceTree = "<group>";
		};
		29B97317FDCFA39411CA2CEA /* Resources */ = {
			isa = PBXGroup;
			children = (
				BF7035E8132A28D200DA6F71 /* product-default.json */,
				BF7035AE132A1F6B00DA6F71 /* ProductRootViewController.xib */,
				BF7035B3132A1F8100DA6F71 /* ProductDetailViewController.xib */,
				BF5C52B31328CF6C000BB093 /* organization-default.json */,
				BF5C5173132807DB000BB093 /* OrgDetailViewController.xib */,
				28AD735F0D9D9599002E5188 /* MainWindow.xib */,
				BF5C51C313281669000BB093 /* OrgRootViewController.xib */,
				8D1107310486CEB800E47090 /* MultiSplitView-Info.plist */,
				BF5C5222132821B3000BB093 /* organizations.json */,
			);
			name = Resources;
			sourceTree = "<group>";
		};
		29B97323FDCFA39411CA2CEA /* Frameworks */ = {
			isa = PBXGroup;
			children = (
				1DF5F4DF0D08C38300B7A737 /* UIKit.framework */,
				1D30AB110D05D00D00671497 /* Foundation.framework */,
				2892E40F0DC94CBA00A64D0F /* CoreGraphics.framework */,
			);
			name = Frameworks;
			sourceTree = "<group>";
		};
		BF5C5176132807F5000BB093 /* View Controllers */ = {
			isa = PBXGroup;
			children = (
				BF5C5171132807DB000BB093 /* OrgDetailViewController.h */,
				BF5C5172132807DB000BB093 /* OrgDetailViewController.m */,
				BF5C51C113281669000BB093 /* OrgRootViewController.h */,
				BF5C51C213281669000BB093 /* OrgRootViewController.m */,
				BF7035AC132A1F6B00DA6F71 /* ProductRootViewController.h */,
				BF7035AD132A1F6B00DA6F71 /* ProductRootViewController.m */,
				BF7035B1132A1F8100DA6F71 /* ProductDetailViewController.h */,
				BF7035B2132A1F8100DA6F71 /* ProductDetailViewController.m */,
			);
			name = "View Controllers";
			sourceTree = "<group>";
		};
		BF5C51DA13281A14000BB093 /* SBJSON */ = {
			isa = PBXGroup;
			children = (
				BF5C51CA13281A11000BB093 /* JSON.h */,
				BF5C51CB13281A11000BB093 /* NSObject+SBJSON.h */,
				BF5C51CC13281A11000BB093 /* NSObject+SBJSON.m */,
				BF5C51CD13281A11000BB093 /* NSString+SBJSON.h */,
				BF5C51CE13281A11000BB093 /* NSString+SBJSON.m */,
				BF5C51CF13281A11000BB093 /* SBJsonBase.h */,
				BF5C51D013281A11000BB093 /* SBJsonBase.m */,
				BF5C51D113281A11000BB093 /* SBJsonParser.h */,
				BF5C51D213281A11000BB093 /* SBJsonParser.m */,
				BF5C51D313281A11000BB093 /* SBJsonWriter.h */,
				BF5C51D413281A11000BB093 /* SBJsonWriter.m */,
			);
			name = SBJSON;
			sourceTree = "<group>";
		};
/* End PBXGroup section */

/* Begin PBXNativeTarget section */
		1D6058900D05DD3D006BFB54 /* MultiSplitView */ = {
			isa = PBXNativeTarget;
			buildConfigurationList = 1D6058960D05DD3E006BFB54 /* Build configuration list for PBXNativeTarget "MultiSplitView" */;
			buildPhases = (
				1D60588D0D05DD3D006BFB54 /* Resources */,
				1D60588E0D05DD3D006BFB54 /* Sources */,
				1D60588F0D05DD3D006BFB54 /* Frameworks */,
			);
			buildRules = (
			);
			dependencies = (
			);
			name = MultiSplitView;
			productName = MultiSplitView;
			productReference = 1D6058910D05DD3D006BFB54 /* MultiSplitView.app */;
			productType = "com.apple.product-type.application";
		};
/* End PBXNativeTarget section */

/* Begin PBXProject section */
		29B97313FDCFA39411CA2CEA /* Project object */ = {
			isa = PBXProject;
			buildConfigurationList = C01FCF4E08A954540054247B /* Build configuration list for PBXProject "MultiSplitView" */;
			compatibilityVersion = "Xcode 3.2";
			developmentRegion = English;
			hasScannedForEncodings = 1;
			knownRegions = (
				English,
				Japanese,
				French,
				German,
				en,
			);
			mainGroup = 29B97314FDCFA39411CA2CEA /* CustomTemplate */;
			projectDirPath = "";
			projectRoot = "";
			targets = (
				1D6058900D05DD3D006BFB54 /* MultiSplitView */,
			);
		};
/* End PBXProject section */

/* Begin PBXResourcesBuildPhase section */
		1D60588D0D05DD3D006BFB54 /* Resources */ = {
			isa = PBXResourcesBuildPhase;
			buildActionMask = 2147483647;
			files = (
				BF5C523E1328232F000BB093 /* organizations.json in Resources */,
				28AD73600D9D9599002E5188 /* MainWindow.xib in Resources */,
				BF5C5175132807DB000BB093 /* OrgDetailViewController.xib in Resources */,
				BF5C51C513281669000BB093 /* OrgRootViewController.xib in Resources */,
				BF5C52B41328CF6C000BB093 /* organization-default.json in Resources */,
				BF7035B0132A1F6B00DA6F71 /* ProductRootViewController.xib in Resources */,
				BF7035B5132A1F8100DA6F71 /* ProductDetailViewController.xib in Resources */,
				BF7035E9132A28D200DA6F71 /* product-default.json in Resources */,
			);
			runOnlyForDeploymentPostprocessing = 0;
		};
/* End PBXResourcesBuildPhase section */

/* Begin PBXSourcesBuildPhase section */
		1D60588E0D05DD3D006BFB54 /* Sources */ = {
			isa = PBXSourcesBuildPhase;
			buildActionMask = 2147483647;
			files = (
				1D60589B0D05DD56006BFB54 /* main.m in Sources */,
				1D3623260D0F684500981E51 /* MultiSplitViewAppDelegate.m in Sources */,
				BF5C51231327FFFD000BB093 /* ViewRegistry.m in Sources */,
				BF5C5174132807DB000BB093 /* OrgDetailViewController.m in Sources */,
				BF5C51C413281669000BB093 /* OrgRootViewController.m in Sources */,
				BF5C51D513281A11000BB093 /* NSObject+SBJSON.m in Sources */,
				BF5C51D613281A11000BB093 /* NSString+SBJSON.m in Sources */,
				BF5C51D713281A11000BB093 /* SBJsonBase.m in Sources */,
				BF5C51D813281A11000BB093 /* SBJsonParser.m in Sources */,
				BF5C51D913281A11000BB093 /* SBJsonWriter.m in Sources */,
				BF5C51F513281D3C000BB093 /* NXDataLoader.m in Sources */,
				BF7035AF132A1F6B00DA6F71 /* ProductRootViewController.m in Sources */,
				BF7035B4132A1F8100DA6F71 /* ProductDetailViewController.m in Sources */,
			);
			runOnlyForDeploymentPostprocessing = 0;
		};
/* End PBXSourcesBuildPhase section */

/* Begin XCBuildConfiguration section */
		1D6058940D05DD3E006BFB54 /* Debug */ = {
			isa = XCBuildConfiguration;
			buildSettings = {
				ALWAYS_SEARCH_USER_PATHS = NO;
				COPY_PHASE_STRIP = NO;
				GCC_DYNAMIC_NO_PIC = NO;
				GCC_OPTIMIZATION_LEVEL = 0;
				GCC_PRECOMPILE_PREFIX_HEADER = YES;
				GCC_PREFIX_HEADER = MultiSplitView_Prefix.pch;
				INFOPLIST_FILE = "MultiSplitView-Info.plist";
				PRODUCT_NAME = MultiSplitView;
			};
			name = Debug;
		};
		1D6058950D05DD3E006BFB54 /* Release */ = {
			isa = XCBuildConfiguration;
			buildSettings = {
				ALWAYS_SEARCH_USER_PATHS = NO;
				COPY_PHASE_STRIP = YES;
				GCC_PRECOMPILE_PREFIX_HEADER = YES;
				GCC_PREFIX_HEADER = MultiSplitView_Prefix.pch;
				INFOPLIST_FILE = "MultiSplitView-Info.plist";
				PRODUCT_NAME = MultiSplitView;
				VALIDATE_PRODUCT = YES;
			};
			name = Release;
		};
		C01FCF4F08A954540054247B /* Debug */ = {
			isa = XCBuildConfiguration;
			buildSettings = {
				ARCHS = "$(ARCHS_UNIVERSAL_IPHONE_OS)";
				"CODE_SIGN_IDENTITY[sdk=iphoneos*]" = "iPhone Developer";
				GCC_C_LANGUAGE_STANDARD = c99;
				GCC_WARN_ABOUT_RETURN_TYPE = YES;
				GCC_WARN_UNUSED_VARIABLE = YES;
				PREBINDING = NO;
				SDKROOT = iphoneos;
				TARGETED_DEVICE_FAMILY = 2;
			};
			name = Debug;
		};
		C01FCF5008A954540054247B /* Release */ = {
			isa = XCBuildConfiguration;
			buildSettings = {
				ARCHS = "$(ARCHS_UNIVERSAL_IPHONE_OS)";
				"CODE_SIGN_IDENTITY[sdk=iphoneos*]" = "iPhone Developer";
				GCC_C_LANGUAGE_STANDARD = c99;
				GCC_WARN_ABOUT_RETURN_TYPE = YES;
				GCC_WARN_UNUSED_VARIABLE = YES;
				OTHER_CFLAGS = "-DNS_BLOCK_ASSERTIONS=1";
				PREBINDING = NO;
				SDKROOT = iphoneos;
				TARGETED_DEVICE_FAMILY = 2;
			};
			name = Release;
		};
/* End XCBuildConfiguration section */

/* Begin XCConfigurationList section */
		1D6058960D05DD3E006BFB54 /* Build configuration list for PBXNativeTarget "MultiSplitView" */ = {
			isa = XCConfigurationList;
			buildConfigurations = (
				1D6058940D05DD3E006BFB54 /* Debug */,
				1D6058950D05DD3E006BFB54 /* Release */,
			);
			defaultConfigurationIsVisible = 0;
			defaultConfigurationName = Release;
		};
		C01FCF4E08A954540054247B /* Build configuration list for PBXProject "MultiSplitView" */ = {
			isa = XCConfigurationList;
			buildConfigurations = (
				C01FCF4F08A954540054247B /* Debug */,
				C01FCF5008A954540054247B /* Release */,
			);
			defaultConfigurationIsVisible = 0;
			defaultConfigurationName = Release;
		};
/* End XCConfigurationList section */
	};
	rootObject = 29B97313FDCFA39411CA2CEA /* Project object */;
}
